// !$*UTF8*$!
{
	archiveVersion = 1;
	classes = {
	};
	objectVersion = 50;
	objects = {

/* Begin PBXBuildFile section */
		9068C4AC21E5DD6300E7380E /* AppDelegate.swift in Sources */ = {isa = PBXBuildFile; fileRef = 9068C4AB21E5DD6300E7380E /* AppDelegate.swift */; };
		9068C4AE21E5DD6300E7380E /* ViewController.swift in Sources */ = {isa = PBXBuildFile; fileRef = 9068C4AD21E5DD6300E7380E /* ViewController.swift */; };
		9068C4B121E5DD6300E7380E /* Main.storyboard in Resources */ = {isa = PBXBuildFile; fileRef = 9068C4AF21E5DD6300E7380E /* Main.storyboard */; };
		9068C4B321E5DD6400E7380E /* Assets.xcassets in Resources */ = {isa = PBXBuildFile; fileRef = 9068C4B221E5DD6400E7380E /* Assets.xcassets */; };
		9068C4B621E5DD6400E7380E /* LaunchScreen.storyboard in Resources */ = {isa = PBXBuildFile; fileRef = 9068C4B421E5DD6400E7380E /* LaunchScreen.storyboard */; };
		9068C4BE21E5DEFA00E7380E /* NewsAPIService.swift in Sources */ = {isa = PBXBuildFile; fileRef = 9068C4BD21E5DEFA00E7380E /* NewsAPIService.swift */; };
		9068C4C021E5DF9E00E7380E /* NewsMainViewModel.swift in Sources */ = {isa = PBXBuildFile; fileRef = 9068C4BF21E5DF9E00E7380E /* NewsMainViewModel.swift */; };
		9068C4C221E5E00B00E7380E /* NewsModel.swift in Sources */ = {isa = PBXBuildFile; fileRef = 9068C4C121E5E00B00E7380E /* NewsModel.swift */; };
		9068C4C521E60CF900E7380E /* PagingTableView.swift in Sources */ = {isa = PBXBuildFile; fileRef = 9068C4C421E60CF900E7380E /* PagingTableView.swift */; };
/* End PBXBuildFile section */

/* Begin PBXFileReference section */
		9068C4A821E5DD6300E7380E /* NewsAPI.app */ = {isa = PBXFileReference; explicitFileType = wrapper.application; includeInIndex = 0; path = NewsAPI.app; sourceTree = BUILT_PRODUCTS_DIR; };
		9068C4AB21E5DD6300E7380E /* AppDelegate.swift */ = {isa = PBXFileReference; lastKnownFileType = sourcecode.swift; path = AppDelegate.swift; sourceTree = "<group>"; };
		9068C4AD21E5DD6300E7380E /* ViewController.swift */ = {isa = PBXFileReference; lastKnownFileType = sourcecode.swift; path = ViewController.swift; sourceTree = "<group>"; };
		9068C4B021E5DD6300E7380E /* Base */ = {isa = PBXFileReference; lastKnownFileType = file.storyboard; name = Base; path = Base.lproj/Main.storyboard; sourceTree = "<group>"; };
		9068C4B221E5DD6400E7380E /* Assets.xcassets */ = {isa = PBXFileReference; lastKnownFileType = folder.assetcatalog; path = Assets.xcassets; sourceTree = "<group>"; };
		9068C4B521E5DD6400E7380E /* Base */ = {isa = PBXFileReference; lastKnownFileType = file.storyboard; name = Base; path = Base.lproj/LaunchScreen.storyboard; sourceTree = "<group>"; };
		9068C4B721E5DD6400E7380E /* Info.plist */ = {isa = PBXFileReference; lastKnownFileType = text.plist.xml; path = Info.plist; sourceTree = "<group>"; };
		9068C4BD21E5DEFA00E7380E /* NewsAPIService.swift */ = {isa = PBXFileReference; fileEncoding = 4; lastKnownFileType = sourcecode.swift; path = NewsAPIService.swift; sourceTree = "<group>"; };
		9068C4BF21E5DF9E00E7380E /* NewsMainViewModel.swift */ = {isa = PBXFileReference; fileEncoding = 4; lastKnownFileType = sourcecode.swift; path = NewsMainViewModel.swift; sourceTree = "<group>"; };
		9068C4C121E5E00B00E7380E /* NewsModel.swift */ = {isa = PBXFileReference; lastKnownFileType = sourcecode.swift; path = NewsModel.swift; sourceTree = "<group>"; };
		9068C4C421E60CF900E7380E /* PagingTableView.swift */ = {isa = PBXFileReference; lastKnownFileType = sourcecode.swift; path = PagingTableView.swift; sourceTree = "<group>"; };
/* End PBXFileReference section */

/* Begin PBXFrameworksBuildPhase section */
		9068C4A521E5DD6300E7380E /* Frameworks */ = {
			isa = PBXFrameworksBuildPhase;
			buildActionMask = 2147483647;
			files = (
			);
			runOnlyForDeploymentPostprocessing = 0;
		};
/* End PBXFrameworksBuildPhase section */

/* Begin PBXGroup section */
		90649E5E21EDEA45009048AF /* Model */ = {
			isa = PBXGroup;
			children = (
				9068C4C121E5E00B00E7380E /* NewsModel.swift */,
			);
			path = Model;
			sourceTree = "<group>";
		};
		90649E5F21EDEA4B009048AF /* View */ = {
			isa = PBXGroup;
			children = (
				9068C4AF21E5DD6300E7380E /* Main.storyboard */,
				9068C4AD21E5DD6300E7380E /* ViewController.swift */,
			);
			path = View;
			sourceTree = "<group>";
		};
		90649E6021EDEA50009048AF /* ViewModel */ = {
			isa = PBXGroup;
			children = (
				9068C4BF21E5DF9E00E7380E /* NewsMainViewModel.swift */,
			);
			path = ViewModel;
			sourceTree = "<group>";
		};
		90649E6121EDEA64009048AF /* Service */ = {
			isa = PBXGroup;
			children = (
				9068C4BD21E5DEFA00E7380E /* NewsAPIService.swift */,
			);
			path = Service;
			sourceTree = "<group>";
		};
		90649E6221EDEA6E009048AF /* Others */ = {
			isa = PBXGroup;
			children = (
				9068C4AB21E5DD6300E7380E /* AppDelegate.swift */,
				9068C4C421E60CF900E7380E /* PagingTableView.swift */,
			);
			path = Others;
			sourceTree = "<group>";
		};
		9068C49F21E5DD6300E7380E = {
			isa = PBXGroup;
			children = (
				9068C4AA21E5DD6300E7380E /* NewsAPI */,
				9068C4A921E5DD6300E7380E /* Products */,
			);
			sourceTree = "<group>";
		};
		9068C4A921E5DD6300E7380E /* Products */ = {
			isa = PBXGroup;
			children = (
				9068C4A821E5DD6300E7380E /* NewsAPI.app */,
			);
			name = Products;
			sourceTree = "<group>";
		};
		9068C4AA21E5DD6300E7380E /* NewsAPI */ = {
			isa = PBXGroup;
			children = (
				90649E6121EDEA64009048AF /* Service */,
				90649E6021EDEA50009048AF /* ViewModel */,
				90649E5F21EDEA4B009048AF /* View */,
				90649E5E21EDEA45009048AF /* Model */,
				90649E6221EDEA6E009048AF /* Others */,
				9068C4B221E5DD6400E7380E /* Assets.xcassets */,
				9068C4B421E5DD6400E7380E /* LaunchScreen.storyboard */,
				9068C4B721E5DD6400E7380E /* Info.plist */,
			);
			path = NewsAPI;
			sourceTree = "<group>";
		};
/* End PBXGroup section */

/* Begin PBXNativeTarget section */
		9068C4A721E5DD6300E7380E /* NewsAPI */ = {
			isa = PBXNativeTarget;
			buildConfigurationList = 9068C4BA21E5DD6400E7380E /* Build configuration list for PBXNativeTarget "NewsAPI" */;
			buildPhases = (
				9068C4A421E5DD6300E7380E /* Sources */,
				9068C4A521E5DD6300E7380E /* Frameworks */,
				9068C4A621E5DD6300E7380E /* Resources */,
			);
			buildRules = (
			);
			dependencies = (
			);
			name = NewsAPI;
			productName = InfinteScrolling;
			productReference = 9068C4A821E5DD6300E7380E /* NewsAPI.app */;
			productType = "com.apple.product-type.application";
		};
/* End PBXNativeTarget section */

/* Begin PBXProject section */
		9068C4A021E5DD6300E7380E /* Project object */ = {
			isa = PBXProject;
			attributes = {
				LastSwiftUpdateCheck = 1000;
				LastUpgradeCheck = 1000;
				ORGANIZATIONNAME = Personal;
				TargetAttributes = {
					9068C4A721E5DD6300E7380E = {
						CreatedOnToolsVersion = 10.0;
					};
				};
			};
			buildConfigurationList = 9068C4A321E5DD6300E7380E /* Build configuration list for PBXProject "NewsAPI" */;
			compatibilityVersion = "Xcode 9.3";
			developmentRegion = en;
			hasScannedForEncodings = 0;
			knownRegions = (
				en,
				Base,
			);
			mainGroup = 9068C49F21E5DD6300E7380E;
			productRefGroup = 9068C4A921E5DD6300E7380E /* Products */;
			projectDirPath = "";
			projectRoot = "";
			targets = (
				9068C4A721E5DD6300E7380E /* NewsAPI */,
			);
		};
/* End PBXProject section */

/* Begin PBXResourcesBuildPhase section */
		9068C4A621E5DD6300E7380E /* Resources */ = {
			isa = PBXResourcesBuildPhase;
			buildActionMask = 2147483647;
			files = (
				9068C4B621E5DD6400E7380E /* LaunchScreen.storyboard in Resources */,
				9068C4B321E5DD6400E7380E /* Assets.xcassets in Resources */,
				9068C4B121E5DD6300E7380E /* Main.storyboard in Resources */,
			);
			runOnlyForDeploymentPostprocessing = 0;
		};
/* End PBXResourcesBuildPhase section */

/* Begin PBXSourcesBuildPhase section */
		9068C4A421E5DD6300E7380E /* Sources */ = {
			isa = PBXSourcesBuildPhase;
			buildActionMask = 2147483647;
			files = (
				9068C4C021E5DF9E00E7380E /* NewsMainViewModel.swift in Sources */,
				9068C4C521E60CF900E7380E /* PagingTableView.swift in Sources */,
				9068C4AE21E5DD6300E7380E /* ViewController.swift in Sources */,
				9068C4AC21E5DD6300E7380E /* AppDelegate.swift in Sources */,
				9068C4BE21E5DEFA00E7380E /* NewsAPIService.swift in Sources */,
				9068C4C221E5E00B00E7380E /* NewsModel.swift in Sources */,
			);
			runOnlyForDeploymentPostprocessing = 0;
		};
/* End PBXSourcesBuildPhase section */

/* Begin PBXVariantGroup section */
		9068C4AF21E5DD6300E7380E /* Main.storyboard */ = {
			isa = PBXVariantGroup;
			children = (
				9068C4B021E5DD6300E7380E /* Base */,
			);
			name = Main.storyboard;
			sourceTree = "<group>";
		};
		9068C4B421E5DD6400E7380E /* LaunchScreen.storyboard */ = {
			isa = PBXVariantGroup;
			children = (
				9068C4B521E5DD6400E7380E /* Base */,
			);
			name = LaunchScreen.storyboard;
			sourceTree = "<group>";
		};
/* End PBXVariantGroup section */

/* Begin XCBuildConfiguration section */
		9068C4B821E5DD6400E7380E /* Debug */ = {
			isa = XCBuildConfiguration;
			buildSettings = {
				ALWAYS_SEARCH_USER_PATHS = NO;
				CLANG_ANALYZER_NONNULL = YES;
				CLANG_ANALYZER_NUMBER_OBJECT_CONVERSION = YES_AGGRESSIVE;
				CLANG_CXX_LANGUAGE_STANDARD = "gnu++14";
				CLANG_CXX_LIBRARY = "libc++";
				CLANG_ENABLE_MODULES = YES;
				CLANG_ENABLE_OBJC_ARC = YES;
				CLANG_ENABLE_OBJC_WEAK = YES;
				CLANG_WARN_BLOCK_CAPTURE_AUTORELEASING = YES;
				CLANG_WARN_BOOL_CONVERSION = YES;
				CLANG_WARN_COMMA = YES;
				CLANG_WARN_CONSTANT_CONVERSION = YES;
				CLANG_WARN_DEPRECATED_OBJC_IMPLEMENTATIONS = YES;
				CLANG_WARN_DIRECT_OBJC_ISA_USAGE = YES_ERROR;
				CLANG_WARN_DOCUMENTATION_COMMENTS = YES;
				CLANG_WARN_EMPTY_BODY = YES;
				CLANG_WARN_ENUM_CONVERSION = YES;
				CLANG_WARN_INFINITE_RECURSION = YES;
				CLANG_WARN_INT_CONVERSION = YES;
				CLANG_WARN_NON_LITERAL_NULL_CONVERSION = YES;
				CLANG_WARN_OBJC_IMPLICIT_RETAIN_SELF = YES;
				CLANG_WARN_OBJC_LITERAL_CONVERSION = YES;
				CLANG_WARN_OBJC_ROOT_CLASS = YES_ERROR;
				CLANG_WARN_RANGE_LOOP_ANALYSIS = YES;
				CLANG_WARN_STRICT_PROTOTYPES = YES;
				CLANG_WARN_SUSPICIOUS_MOVE = YES;
				CLANG_WARN_UNGUARDED_AVAILABILITY = YES_AGGRESSIVE;
				CLANG_WARN_UNREACHABLE_CODE = YES;
				CLANG_WARN__DUPLICATE_METHOD_MATCH = YES;
				CODE_SIGN_IDENTITY = "iPhone Developer";
				COPY_PHASE_STRIP = NO;
				DEBUG_INFORMATION_FORMAT = dwarf;
				ENABLE_STRICT_OBJC_MSGSEND = YES;
				ENABLE_TESTABILITY = YES;
				GCC_C_LANGUAGE_STANDARD = gnu11;
				GCC_DYNAMIC_NO_PIC = NO;
				GCC_NO_COMMON_BLOCKS = YES;
				GCC_OPTIMIZATION_LEVEL = 0;
				GCC_PREPROCESSOR_DEFINITIONS = (
					"DEBUG=1",
					"$(inherited)",
				);
				GCC_WARN_64_TO_32_BIT_CONVERSION = YES;
				GCC_WARN_ABOUT_RETURN_TYPE = YES_ERROR;
				GCC_WARN_UNDECLARED_SELECTOR = YES;
				GCC_WARN_UNINITIALIZED_AUTOS = YES_AGGRESSIVE;
				GCC_WARN_UNUSED_FUNCTION = YES;
				GCC_WARN_UNUSED_VARIABLE = YES;
				IPHONEOS_DEPLOYMENT_TARGET = 12.0;
				MTL_ENABLE_DEBUG_INFO = INCLUDE_SOURCE;
				MTL_FAST_MATH = YES;
				ONLY_ACTIVE_ARCH = YES;
				SDKROOT = iphoneos;
				SWIFT_ACTIVE_COMPILATION_CONDITIONS = DEBUG;
				SWIFT_OPTIMIZATION_LEVEL = "-Onone";
			};
			name = Debug;
		};
		9068C4B921E5DD6400E7380E /* Release */ = {
			isa = XCBuildConfiguration;
			buildSettings = {
				ALWAYS_SEARCH_USER_PATHS = NO;
				CLANG_ANALYZER_NONNULL = YES;
				CLANG_ANALYZER_NUMBER_OBJECT_CONVERSION = YES_AGGRESSIVE;
				CLANG_CXX_LANGUAGE_STANDARD = "gnu++14";
				CLANG_CXX_LIBRARY = "libc++";
				CLANG_ENABLE_MODULES = YES;
				CLANG_ENABLE_OBJC_ARC = YES;
				CLANG_ENABLE_OBJC_WEAK = YES;
				CLANG_WARN_BLOCK_CAPTURE_AUTORELEASING = YES;
				CLANG_WARN_BOOL_CONVERSION = YES;
				CLANG_WARN_COMMA = YES;
				CLANG_WARN_CONSTANT_CONVERSION = YES;
				CLANG_WARN_DEPRECATED_OBJC_IMPLEMENTATIONS = YES;
				CLANG_WARN_DIRECT_OBJC_ISA_USAGE = YES_ERROR;
				CLANG_WARN_DOCUMENTATION_COMMENTS = YES;
				CLANG_WARN_EMPTY_BODY = YES;
				CLANG_WARN_ENUM_CONVERSION = YES;
				CLANG_WARN_INFINITE_RECURSION = YES;
				CLANG_WARN_INT_CONVERSION = YES;
				CLANG_WARN_NON_LITERAL_NULL_CONVERSION = YES;
				CLANG_WARN_OBJC_IMPLICIT_RETAIN_SELF = YES;
				CLANG_WARN_OBJC_LITERAL_CONVERSION = YES;
				CLANG_WARN_OBJC_ROOT_CLASS = YES_ERROR;
				CLANG_WARN_RANGE_LOOP_ANALYSIS = YES;
				CLANG_WARN_STRICT_PROTOTYPES = YES;
				CLANG_WARN_SUSPICIOUS_MOVE = YES;
				CLANG_WARN_UNGUARDED_AVAILABILITY = YES_AGGRESSIVE;
				CLANG_WARN_UNREACHABLE_CODE = YES;
				CLANG_WARN__DUPLICATE_METHOD_MATCH = YES;
				CODE_SIGN_IDENTITY = "iPhone Developer";
				COPY_PHASE_STRIP = NO;
				DEBUG_INFORMATION_FORMAT = "dwarf-with-dsym";
				ENABLE_NS_ASSERTIONS = NO;
				ENABLE_STRICT_OBJC_MSGSEND = YES;
				GCC_C_LANGUAGE_STANDARD = gnu11;
				GCC_NO_COMMON_BLOCKS = YES;
				GCC_WARN_64_TO_32_BIT_CONVERSION = YES;
				GCC_WARN_ABOUT_RETURN_TYPE = YES_ERROR;
				GCC_WARN_UNDECLARED_SELECTOR = YES;
				GCC_WARN_UNINITIALIZED_AUTOS = YES_AGGRESSIVE;
				GCC_WARN_UNUSED_FUNCTION = YES;
				GCC_WARN_UNUSED_VARIABLE = YES;
				IPHONEOS_DEPLOYMENT_TARGET = 12.0;
				MTL_ENABLE_DEBUG_INFO = NO;
				MTL_FAST_MATH = YES;
				SDKROOT = iphoneos;
				SWIFT_COMPILATION_MODE = wholemodule;
				SWIFT_OPTIMIZATION_LEVEL = "-O";
				VALIDATE_PRODUCT = YES;
			};
			name = Release;
		};
		9068C4BB21E5DD6400E7380E /* Debug */ = {
			isa = XCBuildConfiguration;
			buildSettings = {
				ASSETCATALOG_COMPILER_APPICON_NAME = AppIcon;
				CODE_SIGN_STYLE = Automatic;
				DEVELOPMENT_TEAM = ML8NCFC7C9;
				INFOPLIST_FILE = NewsAPI/Info.plist;
				IPHONEOS_DEPLOYMENT_TARGET = 11.0;
				LD_RUNPATH_SEARCH_PATHS = (
					"$(inherited)",
					"@executable_path/Frameworks",
				);
				PRODUCT_BUNDLE_IDENTIFIER = com.samsung.nishant;
				PRODUCT_NAME = "$(TARGET_NAME)";
				SWIFT_VERSION = 4.2;
				TARGETED_DEVICE_FAMILY = "1,2";
			};
			name = Debug;
		};
		9068C4BC21E5DD6400E7380E /* Release */ = {
			isa = XCBuildConfiguration;
			buildSettings = {
				ASSETCATALOG_COMPILER_APPICON_NAME = AppIcon;
				CODE_SIGN_STYLE = Automatic;
				DEVELOPMENT_TEAM = ML8NCFC7C9;
				INFOPLIST_FILE = NewsAPI/Info.plist;
				IPHONEOS_DEPLOYMENT_TARGET = 11.0;
				LD_RUNPATH_SEARCH_PATHS = (
					"$(inherited)",
					"@executable_path/Frameworks",
				);
				PRODUCT_BUNDLE_IDENTIFIER = com.samsung.nishant;
				PRODUCT_NAME = "$(TARGET_NAME)";
				SWIFT_VERSION = 4.2;
				TARGETED_DEVICE_FAMILY = "1,2";
			};
			name = Release;
		};
/* End XCBuildConfiguration section */

/* Begin XCConfigurationList section */
		9068C4A321E5DD6300E7380E /* Build configuration list for PBXProject "NewsAPI" */ = {
			isa = XCConfigurationList;
			buildConfigurations = (
				9068C4B821E5DD6400E7380E /* Debug */,
				9068C4B921E5DD6400E7380E /* Release */,
			);
			defaultConfigurationIsVisible = 0;
			defaultConfigurationName = Release;
		};
		9068C4BA21E5DD6400E7380E /* Build configuration list for PBXNativeTarget "NewsAPI" */ = {
			isa = XCConfigurationList;
			buildConfigurations = (
				9068C4BB21E5DD6400E7380E /* Debug */,
				9068C4BC21E5DD6400E7380E /* Release */,
			);
			defaultConfigurationIsVisible = 0;
			defaultConfigurationName = Release;
		};
/* End XCConfigurationList section */
	};
	rootObject = 9068C4A021E5DD6300E7380E /* Project object */;
}
